
Microsoft Visual Studio Solution File, Format Version 12.00
# Visual Studio Version 17
VisualStudioVersion = 17.7.34024.191
MinimumVisualStudioVersion = 10.0.40219.1
Project("{FAE04EC0-301F-11D3-BF4B-00C04F79EFBC}") = "CalculadoraEcuaciones", "CalculadoraEcuaciones\CalculadoraEcuaciones.csproj", "{4AD544A4-843D-4852-A450-49DA1DC33F38}"
EndProject
Global
	GlobalSection(SolutionConfigurationPlatforms) = preSolution
		Debug|Any CPU = Debug|Any CPU
		Release|Any CPU = Release|Any CPU
	EndGlobalSection
	GlobalSection(ProjectConfigurationPlatforms) = postSolution
		{4AD544A4-843D-4852-A450-49DA1DC33F38}.Debug|Any CPU.ActiveCfg = Debug|Any CPU
		{4AD544A4-843D-4852-A450-49DA1DC33F38}.Debug|Any CPU.Build.0 = Debug|Any CPU
		{4AD544A4-843D-4852-A450-49DA1DC33F38}.Release|Any CPU.ActiveCfg = Release|Any CPU
		{4AD544A4-843D-4852-A450-49DA1DC33F38}.Release|Any CPU.Build.0 = Release|Any CPU
	EndGlobalSection
	GlobalSection(SolutionProperties) = preSolution
		HideSolutionNode = FALSE
	EndGlobalSection
	GlobalSection(ExtensibilityGlobals) = postSolution
		SolutionGuid = {37383F4B-3E53-4C25-93C5-35CD18FD2906}
	EndGlobalSection
EndGlobal
